
Microsoft Visual Studio Solution File, Format Version 12.00
# Visual Studio Version 17
VisualStudioVersion = 17.3.32901.215
MinimumVisualStudioVersion = 10.0.40219.1
Project("{FAE04EC0-301F-11D3-BF4B-00C04F79EFBC}") = "photo-directory-organizer", "photo-directory-organizer.csproj", "{A9024373-84B5-4802-811F-BCFA1FE0CBC1}"
EndProject
Global
	GlobalSection(SolutionConfigurationPlatforms) = preSolution
		Debug|Any CPU = Debug|Any CPU
		Release|Any CPU = Release|Any CPU
	EndGlobalSection
	GlobalSection(ProjectConfigurationPlatforms) = postSolution
		{A9024373-84B5-4802-811F-BCFA1FE0CBC1}.Debug|Any CPU.ActiveCfg = Debug|Any CPU
		{A9024373-84B5-4802-811F-BCFA1FE0CBC1}.Debug|Any CPU.Build.0 = Debug|Any CPU
		{A9024373-84B5-4802-811F-BCFA1FE0CBC1}.Release|Any CPU.ActiveCfg = Release|Any CPU
		{A9024373-84B5-4802-811F-BCFA1FE0CBC1}.Release|Any CPU.Build.0 = Release|Any CPU
	EndGlobalSection
	GlobalSection(SolutionProperties) = preSolution
		HideSolutionNode = FALSE
	EndGlobalSection
	GlobalSection(ExtensibilityGlobals) = postSolution
		SolutionGuid = {2CE28AED-0A26-4F3A-9479-5A52DAC5A172}
	EndGlobalSection
EndGlobal
